
Microsoft Visual Studio Solution File, Format Version 12.00
# Visual Studio 15
Project("{FAE04EC0-301F-11D3-BF4B-00C04F79EFBC}") = "Canyon-Clash.Plugins", "Canyon-Clash.Plugins.csproj", "{5485C161-1CE2-7AFA-9B53-0C8B164FDFCF}"
EndProject
Project("{FAE04EC0-301F-11D3-BF4B-00C04F79EFBC}") = "Canyon-Clash", "Canyon-Clash.csproj", "{B25BD00A-38EB-D268-1E0B-00CF4A8B16D6}"
EndProject
Project("{FAE04EC0-301F-11D3-BF4B-00C04F79EFBC}") = "Canyon-Clash.Editor", "Canyon-Clash.Editor.csproj", "{FD57F48A-BA22-08AB-6241-4B7CFAA9DEA8}"
EndProject
Global
	GlobalSection(SolutionConfigurationPlatforms) = preSolution
		Debug|Any CPU = Debug|Any CPU
		Release|Any CPU = Release|Any CPU
	EndGlobalSection
	GlobalSection(ProjectConfigurationPlatforms) = postSolution
		{5485C161-1CE2-7AFA-9B53-0C8B164FDFCF}.Debug|Any CPU.ActiveCfg = Debug|Any CPU
		{5485C161-1CE2-7AFA-9B53-0C8B164FDFCF}.Debug|Any CPU.Build.0 = Debug|Any CPU
		{5485C161-1CE2-7AFA-9B53-0C8B164FDFCF}.Release|Any CPU.ActiveCfg = Release|Any CPU
		{5485C161-1CE2-7AFA-9B53-0C8B164FDFCF}.Release|Any CPU.Build.0 = Release|Any CPU
		{B25BD00A-38EB-D268-1E0B-00CF4A8B16D6}.Debug|Any CPU.ActiveCfg = Debug|Any CPU
		{B25BD00A-38EB-D268-1E0B-00CF4A8B16D6}.Debug|Any CPU.Build.0 = Debug|Any CPU
		{B25BD00A-38EB-D268-1E0B-00CF4A8B16D6}.Release|Any CPU.ActiveCfg = Release|Any CPU
		{B25BD00A-38EB-D268-1E0B-00CF4A8B16D6}.Release|Any CPU.Build.0 = Release|Any CPU
		{FD57F48A-BA22-08AB-6241-4B7CFAA9DEA8}.Debug|Any CPU.ActiveCfg = Debug|Any CPU
		{FD57F48A-BA22-08AB-6241-4B7CFAA9DEA8}.Debug|Any CPU.Build.0 = Debug|Any CPU
		{FD57F48A-BA22-08AB-6241-4B7CFAA9DEA8}.Release|Any CPU.ActiveCfg = Release|Any CPU
		{FD57F48A-BA22-08AB-6241-4B7CFAA9DEA8}.Release|Any CPU.Build.0 = Release|Any CPU
	EndGlobalSection
	GlobalSection(SolutionProperties) = preSolution
		HideSolutionNode = FALSE
	EndGlobalSection
EndGlobal
